
Microsoft Visual Studio Solution File, Format Version 12.00
# Visual Studio Version 17
VisualStudioVersion = 17.3.32929.385
MinimumVisualStudioVersion = 10.0.40219.1
Project("{FAE04EC0-301F-11D3-BF4B-00C04F79EFBC}") = "date-calculator", "date-calculator.csproj", "{50C70CDF-E580-47C2-9D13-843BF25BD8BE}"
EndProject
Global
	GlobalSection(SolutionConfigurationPlatforms) = preSolution
		Debug|Any CPU = Debug|Any CPU
		Release|Any CPU = Release|Any CPU
	EndGlobalSection
	GlobalSection(ProjectConfigurationPlatforms) = postSolution
		{50C70CDF-E580-47C2-9D13-843BF25BD8BE}.Debug|Any CPU.ActiveCfg = Debug|Any CPU
		{50C70CDF-E580-47C2-9D13-843BF25BD8BE}.Debug|Any CPU.Build.0 = Debug|Any CPU
		{50C70CDF-E580-47C2-9D13-843BF25BD8BE}.Release|Any CPU.ActiveCfg = Release|Any CPU
		{50C70CDF-E580-47C2-9D13-843BF25BD8BE}.Release|Any CPU.Build.0 = Release|Any CPU
	EndGlobalSection
	GlobalSection(SolutionProperties) = preSolution
		HideSolutionNode = FALSE
	EndGlobalSection
	GlobalSection(ExtensibilityGlobals) = postSolution
		SolutionGuid = {41B31763-F666-44FD-BBBC-C6C021A96CAF}
	EndGlobalSection
EndGlobal
